// !$*UTF8*$!
{
	archiveVersion = 1;
	classes = {
	};
	objectVersion = 77;
	objects = {

/* Begin PBXContainerItemProxy section */
		8E3DF2962F7D838F000A3642 /* PBXContainerItemProxy */ = {
			isa = PBXContainerItemProxy;
			containerPortal = 8E3DF2802F7D838C000A3642 /* Project object */;
			proxyType = 1;
			remoteGlobalIDString = 8E3DF2872F7D838C000A3642;
			remoteInfo = StormChaserApp;
		};
		8E3DF2A02F7D838F000A3642 /* PBXContainerItemProxy */ = {
			isa = PBXContainerItemProxy;
			containerPortal = 8E3DF2802F7D838C000A3642 /* Project object */;
			proxyType = 1;
			remoteGlobalIDString = 8E3DF2872F7D838C000A3642;
			remoteInfo = StormChaserApp;
		};
/* End PBXContainerItemProxy section */

/* Begin PBXFileReference section */
		8E3DF2882F7D838C000A3642 /* StormChaserApp.app */ = {isa = PBXFileReference; explicitFileType = wrapper.application; includeInIndex = 0; path = StormChaserApp.app; sourceTree = BUILT_PRODUCTS_DIR; };
		8E3DF2952F7D838F000A3642 /* StormChaserAppTests.xctest */ = {isa = PBXFileReference; explicitFileType = wrapper.cfbundle; includeInIndex = 0; path = StormChaserAppTests.xctest; sourceTree = BUILT_PRODUCTS_DIR; };
		8E3DF29F2F7D838F000A3642 /* StormChaserAppUITests.xctest */ = {isa = PBXFileReference; explicitFileType = wrapper.cfbundle; includeInIndex = 0; path = StormChaserAppUITests.xctest; sourceTree = BUILT_PRODUCTS_DIR; };
/* End PBXFileReference section */

/* Begin PBXFileSystemSynchronizedBuildFileExceptionSet section */
		8E37CE0E2F8B8D2F0036B903 /* Exceptions for "StormChaserApp" folder in "StormChaserApp" target */ = {
			isa = PBXFileSystemSynchronizedBuildFileExceptionSet;
			membershipExceptions = (
				Info.plist,
			);
			target = 8E3DF2872F7D838C000A3642 /* StormChaserApp */;
		};
		8E61C89E2FAA6EE200521910 /* Exceptions for "StormChaserApp" folder in "StormChaserAppTests" target */ = {
			isa = PBXFileSystemSynchronizedBuildFileExceptionSet;
			membershipExceptions = (
				PostsView/Post.swift,
				PostsView/PostRepository.swift,
				PostsView/PostView.swift,
				PostsView/PostViewModel.swift,
			);
			target = 8E3DF2942F7D838F000A3642 /* StormChaserAppTests */;
		};
/* End PBXFileSystemSynchronizedBuildFileExceptionSet section */

/* Begin PBXFileSystemSynchronizedRootGroup section */
		8E3DF28A2F7D838C000A3642 /* StormChaserApp */ = {
			isa = PBXFileSystemSynchronizedRootGroup;
			exceptions = (
				8E37CE0E2F8B8D2F0036B903 /* Exceptions for "StormChaserApp" folder in "StormChaserApp" target */,
				8E61C89E2FAA6EE200521910 /* Exceptions for "StormChaserApp" folder in "StormChaserAppTests" target */,
			);
			path = StormChaserApp;
			sourceTree = "<group>";
		};
		8E3DF2982F7D838F000A3642 /* StormChaserAppTests */ = {
			isa = PBXFileSystemSynchronizedRootGroup;
			path = StormChaserAppTests;
			sourceTree = "<group>";
		};
/* End PBXFileSystemSynchronizedRootGroup section */

/* Begin PBXFrameworksBuildPhase section */
		8E3DF2852F7D838C000A3642 /* Frameworks */ = {
			isa = PBXFrameworksBuildPhase;
			buildActionMask = 2147483647;
			files = (
			);
			runOnlyForDeploymentPostprocessing = 0;
		};
		8E3DF2922F7D838F000A3642 /* Frameworks */ = {
			isa = PBXFrameworksBuildPhase;
			buildActionMask = 2147483647;
			files = (
			);
			runOnlyForDeploymentPostprocessing = 0;
		};
		8E3DF29C2F7D838F000A3642 /* Frameworks */ = {
			isa = PBXFrameworksBuildPhase;
			buildActionMask = 2147483647;
			files = (
			);
			runOnlyForDeploymentPostprocessing = 0;
		};
/* End PBXFrameworksBuildPhase section */

/* Begin PBXGroup section */
		8E3DF27F2F7D838C000A3642 = {
			isa = PBXGroup;
			children = (
				8E3DF28A2F7D838C000A3642 /* StormChaserApp */,
				8E3DF2982F7D838F000A3642 /* StormChaserAppTests */,
				8E3DF2892F7D838C000A3642 /* Products */,
			);
			sourceTree = "<group>";
		};
		8E3DF2892F7D838C000A3642 /* Products */ = {
			isa = PBXGroup;
			children = (
				8E3DF2882F7D838C000A3642 /* StormChaserApp.app */,
				8E3DF2952F7D838F000A3642 /* StormChaserAppTests.xctest */,
				8E3DF29F2F7D838F000A3642 /* StormChaserAppUITests.xctest */,
			);
			name = Products;
			sourceTree = "<group>";
		};
/* End PBXGroup section */

/* Begin PBXNativeTarget section */
		8E3DF2872F7D838C000A3642 /* StormChaserApp */ = {
			isa = PBXNativeTarget;
			buildConfigurationList = 8E3DF2A92F7D838F000A3642 /* Build configuration list for PBXNativeTarget "StormChaserApp" */;
			buildPhases = (
				8E3DF2842F7D838C000A3642 /* Sources */,
				8E3DF2852F7D838C000A3642 /* Frameworks */,
				8E3DF2862F7D838C000A3642 /* Resources */,
			);
			buildRules = (
			);
			dependencies = (
			);
			fileSystemSynchronizedGroups = (
				8E3DF28A2F7D838C000A3642 /* StormChaserApp */,
			);
			name = StormChaserApp;
			packageProductDependencies = (
			);
			productName = StormChaserApp;
			productReference = 8E3DF2882F7D838C000A3642 /* StormChaserApp.app */;
			productType = "com.apple.product-type.application";
		};
		8E3DF2942F7D838F000A3642 /* StormChaserAppTests */ = {
			isa = PBXNativeTarget;
			buildConfigurationList = 8E3DF2AC2F7D838F000A3642 /* Build configuration list for PBXNativeTarget "StormChaserAppTests" */;
			buildPhases = (
				8E3DF2912F7D838F000A3642 /* Sources */,
				8E3DF2922F7D838F000A3642 /* Frameworks */,
				8E3DF2932F7D838F000A3642 /* Resources */,
			);
			buildRules = (
			);
			dependencies = (
				8E3DF2972F7D838F000A3642 /* PBXTargetDependency */,
			);
			fileSystemSynchronizedGroups = (
				8E3DF2982F7D838F000A3642 /* StormChaserAppTests */,
			);
			name = StormChaserAppTests;
			packageProductDependencies = (
			);
			productName = StormChaserAppTests;
			productReference = 8E3DF2952F7D838F000A3642 /* StormChaserAppTests.xctest */;
			productType = "com.apple.product-type.bundle.unit-test";
		};
		8E3DF29E2F7D838F000A3642 /* StormChaserAppUITests */ = {
			isa = PBXNativeTarget;
			buildConfigurationList = 8E3DF2AF2F7D838F000A3642 /* Build configuration list for PBXNativeTarget "StormChaserAppUITests" */;
			buildPhases = (
				8E3DF29B2F7D838F000A3642 /* Sources */,
				8E3DF29C2F7D838F000A3642 /* Frameworks */,
				8E3DF29D2F7D838F000A3642 /* Resources */,
			);
			buildRules = (
			);
			dependencies = (
				8E3DF2A12F7D838F000A3642 /* PBXTargetDependency */,
			);
			name = StormChaserAppUITests;
			packageProductDependencies = (
			);
			productName = StormChaserAppUITests;
			productReference = 8E3DF29F2F7D838F000A3642 /* StormChaserAppUITests.xctest */;
			productType = "com.apple.product-type.bundle.ui-testing";
		};
/* End PBXNativeTarget section */

/* Begin PBXProject section */
		8E3DF2802F7D838C000A3642 /* Project object */ = {
			isa = PBXProject;
			attributes = {
				BuildIndependentTargetsInParallel = 1;
				LastSwiftUpdateCheck = 2630;
				LastUpgradeCheck = 2630;
				TargetAttributes = {
					8E3DF2872F7D838C000A3642 = {
						CreatedOnToolsVersion = 26.3;
					};
					8E3DF2942F7D838F000A3642 = {
						CreatedOnToolsVersion = 26.3;
						TestTargetID = 8E3DF2872F7D838C000A3642;
					};
					8E3DF29E2F7D838F000A3642 = {
						CreatedOnToolsVersion = 26.3;
						TestTargetID = 8E3DF2872F7D838C000A3642;
					};
				};
			};
			buildConfigurationList = 8E3DF2832F7D838C000A3642 /* Build configuration list for PBXProject "StormChaserApp" */;
			developmentRegion = en;
			hasScannedForEncodings = 0;
			knownRegions = (
				en,
				Base,
			);
			mainGroup = 8E3DF27F2F7D838C000A3642;
			minimizedProjectReferenceProxies = 1;
			preferredProjectObjectVersion = 77;
			productRefGroup = 8E3DF2892F7D838C000A3642 /* Products */;
			projectDirPath = "";
			projectRoot = "";
			targets = (
				8E3DF2872F7D838C000A3642 /* StormChaserApp */,
				8E3DF2942F7D838F000A3642 /* StormChaserAppTests */,
				8E3DF29E2F7D838F000A3642 /* StormChaserAppUITests */,
			);
		};
/* End PBXProject section */

/* Begin PBXResourcesBuildPhase section */
		8E3DF2862F7D838C000A3642 /* Resources */ = {
			isa = PBXResourcesBuildPhase;
			buildActionMask = 2147483647;
			files = (
			);
			runOnlyForDeploymentPostprocessing = 0;
		};
		8E3DF2932F7D838F000A3642 /* Resources */ = {
			isa = PBXResourcesBuildPhase;
			buildActionMask = 2147483647;
			files = (
			);
			runOnlyForDeploymentPostprocessing = 0;
		};
		8E3DF29D2F7D838F000A3642 /* Resources */ = {
			isa = PBXResourcesBuildPhase;
			buildActionMask = 2147483647;
			files = (
			);
			runOnlyForDeploymentPostprocessing = 0;
		};
/* End PBXResourcesBuildPhase section */

/* Begin PBXSourcesBuildPhase section */
		8E3DF2842F7D838C000A3642 /* Sources */ = {
			isa = PBXSourcesBuildPhase;
			buildActionMask = 2147483647;
			files = (
			);
			runOnlyForDeploymentPostprocessing = 0;
		};
		8E3DF2912F7D838F000A3642 /* Sources */ = {
			isa = PBXSourcesBuildPhase;
			buildActionMask = 2147483647;
			files = (
			);
			runOnlyForDeploymentPostprocessing = 0;
		};
		8E3DF29B2F7D838F000A3642 /* Sources */ = {
			isa = PBXSourcesBuildPhase;
			buildActionMask = 2147483647;
			files = (
			);
			runOnlyForDeploymentPostprocessing = 0;
		};
/* End PBXSourcesBuildPhase section */

/* Begin PBXTargetDependency section */
		8E3DF2972F7D838F000A3642 /* PBXTargetDependency */ = {
			isa = PBXTargetDependency;
			target = 8E3DF2872F7D838C000A3642 /* StormChaserApp */;
			targetProxy = 8E3DF2962F7D838F000A3642 /* PBXContainerItemProxy */;
		};
		8E3DF2A12F7D838F000A3642 /* PBXTargetDependency */ = {
			isa = PBXTargetDependency;
			target = 8E3DF2872F7D838C000A3642 /* StormChaserApp */;
			targetProxy = 8E3DF2A02F7D838F000A3642 /* PBXContainerItemProxy */;
		};
/* End PBXTargetDependency section */

/* Begin XCBuildConfiguration section */
		8E3DF2A72F7D838F000A3642 /* Debug */ = {
			isa = XCBuildConfiguration;
			buildSettings = {
				ALWAYS_SEARCH_USER_PATHS = NO;
				ASSETCATALOG_COMPILER_GENERATE_SWIFT_ASSET_SYMBOL_EXTENSIONS = YES;
				CLANG_ANALYZER_NONNULL = YES;
				CLANG_ANALYZER_NUMBER_OBJECT_CONVERSION = YES_AGGRESSIVE;
				CLANG_CXX_LANGUAGE_STANDARD = "gnu++20";
				CLANG_ENABLE_MODULES = YES;
				CLANG_ENABLE_OBJC_ARC = YES;
				CLANG_ENABLE_OBJC_WEAK = YES;
				CLANG_WARN_BLOCK_CAPTURE_AUTORELEASING = YES;
				CLANG_WARN_BOOL_CONVERSION = YES;
				CLANG_WARN_COMMA = YES;
				CLANG_WARN_CONSTANT_CONVERSION = YES;
				CLANG_WARN_DEPRECATED_OBJC_IMPLEMENTATIONS = YES;
				CLANG_WARN_DIRECT_OBJC_ISA_USAGE = YES_ERROR;
				CLANG_WARN_DOCUMENTATION_COMMENTS = YES;
				CLANG_WARN_EMPTY_BODY = YES;
				CLANG_WARN_ENUM_CONVERSION = YES;
				CLANG_WARN_INFINITE_RECURSION = YES;
				CLANG_WARN_INT_CONVERSION = YES;
				CLANG_WARN_NON_LITERAL_NULL_CONVERSION = YES;
				CLANG_WARN_OBJC_IMPLICIT_RETAIN_SELF = YES;
				CLANG_WARN_OBJC_LITERAL_CONVERSION = YES;
				CLANG_WARN_OBJC_ROOT_CLASS = YES_ERROR;
				CLANG_WARN_QUOTED_INCLUDE_IN_FRAMEWORK_HEADER = YES;
				CLANG_WARN_RANGE_LOOP_ANALYSIS = YES;
				CLANG_WARN_STRICT_PROTOTYPES = YES;
				CLANG_WARN_SUSPICIOUS_MOVE = YES;
				CLANG_WARN_UNGUARDED_AVAILABILITY = YES_AGGRESSIVE;
				CLANG_WARN_UNREACHABLE_CODE = YES;
				CLANG_WARN__DUPLICATE_METHOD_MATCH = YES;
				COPY_PHASE_STRIP = NO;
				DEBUG_INFORMATION_FORMAT = dwarf;
				DEVELOPMENT_TEAM = J7YCHK8ZJ4;
				ENABLE_STRICT_OBJC_MSGSEND = YES;
				ENABLE_TESTABILITY = YES;
				ENABLE_USER_SCRIPT_SANDBOXING = YES;
				GCC_C_LANGUAGE_STANDARD = gnu17;
				GCC_DYNAMIC_NO_PIC = NO;
				GCC_NO_COMMON_BLOCKS = YES;
				GCC_OPTIMIZATION_LEVEL = 0;
				GCC_PREPROCESSOR_DEFINITIONS = (
					"DEBUG=1",
					"$(inherited)",
				);
				GCC_WARN_64_TO_32_BIT_CONVERSION = YES;
				GCC_WARN_ABOUT_RETURN_TYPE = YES_ERROR;
				GCC_WARN_UNDECLARED_SELECTOR = YES;
				GCC_WARN_UNINITIALIZED_AUTOS = YES_AGGRESSIVE;
				GCC_WARN_UNUSED_FUNCTION = YES;
				GCC_WARN_UNUSED_VARIABLE = YES;
				IPHONEOS_DEPLOYMENT_TARGET = 26.2;
				LOCALIZATION_PREFERS_STRING_CATALOGS = YES;
				MTL_ENABLE_DEBUG_INFO = INCLUDE_SOURCE;
				MTL_FAST_MATH = YES;
				ONLY_ACTIVE_ARCH = YES;
				SDKROOT = iphoneos;
				SWIFT_ACTIVE_COMPILATION_CONDITIONS = "DEBUG $(inherited)";
				SWIFT_OPTIMIZATION_LEVEL = "-Onone";
			};
			name = Debug;
		};
		8E3DF2A82F7D838F000A3642 /* Release */ = {
			isa = XCBuildConfiguration;
			buildSettings = {
				ALWAYS_SEARCH_USER_PATHS = NO;
				ASSETCATALOG_COMPILER_GENERATE_SWIFT_ASSET_SYMBOL_EXTENSIONS = YES;
				CLANG_ANALYZER_NONNULL = YES;
				CLANG_ANALYZER_NUMBER_OBJECT_CONVERSION = YES_AGGRESSIVE;
				CLANG_CXX_LANGUAGE_STANDARD = "gnu++20";
				CLANG_ENABLE_MODULES = YES;
				CLANG_ENABLE_OBJC_ARC = YES;
				CLANG_ENABLE_OBJC_WEAK = YES;
				CLANG_WARN_BLOCK_CAPTURE_AUTORELEASING = YES;
				CLANG_WARN_BOOL_CONVERSION = YES;
				CLANG_WARN_COMMA = YES;
				CLANG_WARN_CONSTANT_CONVERSION = YES;
				CLANG_WARN_DEPRECATED_OBJC_IMPLEMENTATIONS = YES;
				CLANG_WARN_DIRECT_OBJC_ISA_USAGE = YES_ERROR;
				CLANG_WARN_DOCUMENTATION_COMMENTS = YES;
				CLANG_WARN_EMPTY_BODY = YES;
				CLANG_WARN_ENUM_CONVERSION = YES;
				CLANG_WARN_INFINITE_RECURSION = YES;
				CLANG_WARN_INT_CONVERSION = YES;
				CLANG_WARN_NON_LITERAL_NULL_CONVERSION = YES;
				CLANG_WARN_OBJC_IMPLICIT_RETAIN_SELF = YES;
				CLANG_WARN_OBJC_LITERAL_CONVERSION = YES;
				CLANG_WARN_OBJC_ROOT_CLASS = YES_ERROR;
				CLANG_WARN_QUOTED_INCLUDE_IN_FRAMEWORK_HEADER = YES;
				CLANG_WARN_RANGE_LOOP_ANALYSIS = YES;
				CLANG_WARN_STRICT_PROTOTYPES = YES;
				CLANG_WARN_SUSPICIOUS_MOVE = YES;
				CLANG_WARN_UNGUARDED_AVAILABILITY = YES_AGGRESSIVE;
				CLANG_WARN_UNREACHABLE_CODE = YES;
				CLANG_WARN__DUPLICATE_METHOD_MATCH = YES;
				COPY_PHASE_STRIP = NO;
				DEBUG_INFORMATION_FORMAT = "dwarf-with-dsym";
				DEVELOPMENT_TEAM = J7YCHK8ZJ4;
				ENABLE_NS_ASSERTIONS = NO;
				ENABLE_STRICT_OBJC_MSGSEND = YES;
				ENABLE_USER_SCRIPT_SANDBOXING = YES;
				GCC_C_LANGUAGE_STANDARD = gnu17;
				GCC_NO_COMMON_BLOCKS = YES;
				GCC_WARN_64_TO_32_BIT_CONVERSION = YES;
				GCC_WARN_ABOUT_RETURN_TYPE = YES_ERROR;
				GCC_WARN_UNDECLARED_SELECTOR = YES;
				GCC_WARN_UNINITIALIZED_AUTOS = YES_AGGRESSIVE;
				GCC_WARN_UNUSED_FUNCTION = YES;
				GCC_WARN_UNUSED_VARIABLE = YES;
				IPHONEOS_DEPLOYMENT_TARGET = 26.2;
				LOCALIZATION_PREFERS_STRING_CATALOGS = YES;
				MTL_ENABLE_DEBUG_INFO = NO;
				MTL_FAST_MATH = YES;
				SDKROOT = iphoneos;
				SWIFT_COMPILATION_MODE = wholemodule;
				VALIDATE_PRODUCT = YES;
			};
			name = Release;
		};
		8E3DF2AA2F7D838F000A3642 /* Debug */ = {
			isa = XCBuildConfiguration;
			buildSettings = {
				ASSETCATALOG_COMPILER_APPICON_NAME = AppIcon;
				ASSETCATALOG_COMPILER_GLOBAL_ACCENT_COLOR_NAME = AccentColor;
				CODE_SIGN_STYLE = Automatic;
				CURRENT_PROJECT_VERSION = 1;
				DEVELOPMENT_TEAM = J7YCHK8ZJ4;
				ENABLE_PREVIEWS = YES;
				GENERATE_INFOPLIST_FILE = YES;
				INFOPLIST_FILE = StormChaserApp/Info.plist;
				INFOPLIST_KEY_NSCameraUsageDescription = "Used to capture storm photos.";
				INFOPLIST_KEY_NSLocationAlwaysAndWhenInUseUsageDescription = "We need your location to fetch accurate weather data for your area.";
				INFOPLIST_KEY_NSLocationWhenInUseUsageDescription = "We need your location to fetch accurate weather data for your area.";
				INFOPLIST_KEY_UIApplicationSceneManifest_Generation = YES;
				INFOPLIST_KEY_UIApplicationSupportsIndirectInputEvents = YES;
				INFOPLIST_KEY_UILaunchScreen_Generation = YES;
				INFOPLIST_KEY_UISupportedInterfaceOrientations = UIInterfaceOrientationPortrait;
				INFOPLIST_KEY_UISupportedInterfaceOrientations_iPad = "UIInterfaceOrientationLandscapeLeft UIInterfaceOrientationLandscapeRight UIInterfaceOrientationPortrait UIInterfaceOrientationPortraitUpsideDown";
				LD_RUNPATH_SEARCH_PATHS = (
					"$(inherited)",
					"@executable_path/Frameworks",
				);
				MARKETING_VERSION = 1.0;
				PRODUCT_BUNDLE_IDENTIFIER = com.Abdalla.StormChaserApp;
				PRODUCT_NAME = "$(TARGET_NAME)";
				STRING_CATALOG_GENERATE_SYMBOLS = YES;
				SUPPORTED_PLATFORMS = "iphoneos iphonesimulator";
				SUPPORTS_MACCATALYST = NO;
				SUPPORTS_MAC_DESIGNED_FOR_IPHONE_IPAD = NO;
				SUPPORTS_XR_DESIGNED_FOR_IPHONE_IPAD = NO;
				SWIFT_APPROACHABLE_CONCURRENCY = YES;
				SWIFT_DEFAULT_ACTOR_ISOLATION = MainActor;
				SWIFT_EMIT_LOC_STRINGS = YES;
				SWIFT_UPCOMING_FEATURE_MEMBER_IMPORT_VISIBILITY = YES;
				SWIFT_VERSION = 6.0;
				TARGETED_DEVICE_FAMILY = 1;
			};
			name = Debug;
		};
		8E3DF2AB2F7D838F000A3642 /* Release */ = {
			isa = XCBuildConfiguration;
			buildSettings = {
				ASSETCATALOG_COMPILER_APPICON_NAME = AppIcon;
				ASSETCATALOG_COMPILER_GLOBAL_ACCENT_COLOR_NAME = AccentColor;
				CODE_SIGN_STYLE = Automatic;
				CURRENT_PROJECT_VERSION = 1;
				DEVELOPMENT_TEAM = J7YCHK8ZJ4;
				ENABLE_PREVIEWS = YES;
				GENERATE_INFOPLIST_FILE = YES;
				INFOPLIST_FILE = StormChaserApp/Info.plist;
				INFOPLIST_KEY_NSCameraUsageDescription = "Used to capture storm photos.";
				INFOPLIST_KEY_NSLocationAlwaysAndWhenInUseUsageDescription = "We need your location to fetch accurate weather data for your area.";
				INFOPLIST_KEY_NSLocationWhenInUseUsageDescription = "We need your location to fetch accurate weather data for your area.";
				INFOPLIST_KEY_UIApplicationSceneManifest_Generation = YES;
				INFOPLIST_KEY_UIApplicationSupportsIndirectInputEvents = YES;
				INFOPLIST_KEY_UILaunchScreen_Generation = YES;
				INFOPLIST_KEY_UISupportedInterfaceOrientations = UIInterfaceOrientationPortrait;
				INFOPLIST_KEY_UISupportedInterfaceOrientations_iPad = "UIInterfaceOrientationLandscapeLeft UIInterfaceOrientationLandscapeRight UIInterfaceOrientationPortrait UIInterfaceOrientationPortraitUpsideDown";
				LD_RUNPATH_SEARCH_PATHS = (
					"$(inherited)",
					"@executable_path/Frameworks",
				);
				MARKETING_VERSION = 1.0;
				PRODUCT_BUNDLE_IDENTIFIER = com.Abdalla.StormChaserApp;
				PRODUCT_NAME = "$(TARGET_NAME)";
				STRING_CATALOG_GENERATE_SYMBOLS = YES;
				SUPPORTED_PLATFORMS = "iphoneos iphonesimulator";
				SUPPORTS_MACCATALYST = NO;
				SUPPORTS_MAC_DESIGNED_FOR_IPHONE_IPAD = NO;
				SUPPORTS_XR_DESIGNED_FOR_IPHONE_IPAD = NO;
				SWIFT_APPROACHABLE_CONCURRENCY = YES;
				SWIFT_DEFAULT_ACTOR_ISOLATION = MainActor;
				SWIFT_EMIT_LOC_STRINGS = YES;
				SWIFT_UPCOMING_FEATURE_MEMBER_IMPORT_VISIBILITY = YES;
				SWIFT_VERSION = 6.0;
				TARGETED_DEVICE_FAMILY = 1;
			};
			name = Release;
		};
		8E3DF2AD2F7D838F000A3642 /* Debug */ = {
			isa = XCBuildConfiguration;
			buildSettings = {
				BUNDLE_LOADER = "$(TEST_HOST)";
				CODE_SIGN_STYLE = Automatic;
				CURRENT_PROJECT_VERSION = 1;
				DEVELOPMENT_TEAM = J7YCHK8ZJ4;
				GENERATE_INFOPLIST_FILE = YES;
				IPHONEOS_DEPLOYMENT_TARGET = 26.2;
				MARKETING_VERSION = 1.0;
				PRODUCT_BUNDLE_IDENTIFIER = com.Abdalla.StormChaserAppTests;
				PRODUCT_NAME = "$(TARGET_NAME)";
				STRING_CATALOG_GENERATE_SYMBOLS = NO;
				SWIFT_APPROACHABLE_CONCURRENCY = YES;
				SWIFT_EMIT_LOC_STRINGS = NO;
				SWIFT_UPCOMING_FEATURE_MEMBER_IMPORT_VISIBILITY = YES;
				SWIFT_VERSION = 5.0;
				TARGETED_DEVICE_FAMILY = "1,2";
				TEST_HOST = "$(BUILT_PRODUCTS_DIR)/StormChaserApp.app/$(BUNDLE_EXECUTABLE_FOLDER_PATH)/StormChaserApp";
			};
			name = Debug;
		};
		8E3DF2AE2F7D838F000A3642 /* Release */ = {
			isa = XCBuildConfiguration;
			buildSettings = {
				BUNDLE_LOADER = "$(TEST_HOST)";
				CODE_SIGN_STYLE = Automatic;
				CURRENT_PROJECT_VERSION = 1;
				DEVELOPMENT_TEAM = J7YCHK8ZJ4;
				GENERATE_INFOPLIST_FILE = YES;
				IPHONEOS_DEPLOYMENT_TARGET = 26.2;
				MARKETING_VERSION = 1.0;
				PRODUCT_BUNDLE_IDENTIFIER = com.Abdalla.StormChaserAppTests;
				PRODUCT_NAME = "$(TARGET_NAME)";
				STRING_CATALOG_GENERATE_SYMBOLS = NO;
				SWIFT_APPROACHABLE_CONCURRENCY = YES;
				SWIFT_EMIT_LOC_STRINGS = NO;
				SWIFT_UPCOMING_FEATURE_MEMBER_IMPORT_VISIBILITY = YES;
				SWIFT_VERSION = 5.0;
				TARGETED_DEVICE_FAMILY = "1,2";
				TEST_HOST = "$(BUILT_PRODUCTS_DIR)/StormChaserApp.app/$(BUNDLE_EXECUTABLE_FOLDER_PATH)/StormChaserApp";
			};
			name = Release;
		};
		8E3DF2B02F7D838F000A3642 /* Debug */ = {
			isa = XCBuildConfiguration;
			buildSettings = {
				CODE_SIGN_STYLE = Automatic;
				CURRENT_PROJECT_VERSION = 1;
				DEVELOPMENT_TEAM = J7YCHK8ZJ4;
				GENERATE_INFOPLIST_FILE = YES;
				MARKETING_VERSION = 1.0;
				PRODUCT_BUNDLE_IDENTIFIER = com.Abdalla.StormChaserAppUITests;
				PRODUCT_NAME = "$(TARGET_NAME)";
				STRING_CATALOG_GENERATE_SYMBOLS = NO;
				SWIFT_APPROACHABLE_CONCURRENCY = YES;
				SWIFT_EMIT_LOC_STRINGS = NO;
				SWIFT_UPCOMING_FEATURE_MEMBER_IMPORT_VISIBILITY = YES;
				SWIFT_VERSION = 5.0;
				TARGETED_DEVICE_FAMILY = "1,2";
				TEST_TARGET_NAME = StormChaserApp;
			};
			name = Debug;
		};
		8E3DF2B12F7D838F000A3642 /* Release */ = {
			isa = XCBuildConfiguration;
			buildSettings = {
				CODE_SIGN_STYLE = Automatic;
				CURRENT_PROJECT_VERSION = 1;
				DEVELOPMENT_TEAM = J7YCHK8ZJ4;
				GENERATE_INFOPLIST_FILE = YES;
				MARKETING_VERSION = 1.0;
				PRODUCT_BUNDLE_IDENTIFIER = com.Abdalla.StormChaserAppUITests;
				PRODUCT_NAME = "$(TARGET_NAME)";
				STRING_CATALOG_GENERATE_SYMBOLS = NO;
				SWIFT_APPROACHABLE_CONCURRENCY = YES;
				SWIFT_EMIT_LOC_STRINGS = NO;
				SWIFT_UPCOMING_FEATURE_MEMBER_IMPORT_VISIBILITY = YES;
				SWIFT_VERSION = 5.0;
				TARGETED_DEVICE_FAMILY = "1,2";
				TEST_TARGET_NAME = StormChaserApp;
			};
			name = Release;
		};
/* End XCBuildConfiguration section */

/* Begin XCConfigurationList section */
		8E3DF2832F7D838C000A3642 /* Build configuration list for PBXProject "StormChaserApp" */ = {
			isa = XCConfigurationList;
			buildConfigurations = (
				8E3DF2A72F7D838F000A3642 /* Debug */,
				8E3DF2A82F7D838F000A3642 /* Release */,
			);
			defaultConfigurationIsVisible = 0;
			defaultConfigurationName = Release;
		};
		8E3DF2A92F7D838F000A3642 /* Build configuration list for PBXNativeTarget "StormChaserApp" */ = {
			isa = XCConfigurationList;
			buildConfigurations = (
				8E3DF2AA2F7D838F000A3642 /* Debug */,
				8E3DF2AB2F7D838F000A3642 /* Release */,
			);
			defaultConfigurationIsVisible = 0;
			defaultConfigurationName = Release;
		};
		8E3DF2AC2F7D838F000A3642 /* Build configuration list for PBXNativeTarget "StormChaserAppTests" */ = {
			isa = XCConfigurationList;
			buildConfigurations = (
				8E3DF2AD2F7D838F000A3642 /* Debug */,
				8E3DF2AE2F7D838F000A3642 /* Release */,
			);
			defaultConfigurationIsVisible = 0;
			defaultConfigurationName = Release;
		};
		8E3DF2AF2F7D838F000A3642 /* Build configuration list for PBXNativeTarget "StormChaserAppUITests" */ = {
			isa = XCConfigurationList;
			buildConfigurations = (
				8E3DF2B02F7D838F000A3642 /* Debug */,
				8E3DF2B12F7D838F000A3642 /* Release */,
			);
			defaultConfigurationIsVisible = 0;
			defaultConfigurationName = Release;
		};
/* End XCConfigurationList section */
	};
	rootObject = 8E3DF2802F7D838C000A3642 /* Project object */;
}
